// !$*UTF8*$!
{
	archiveVersion = 1;
	classes = {
	};
	objectVersion = 46;
	objects = {

/* Begin PBXBuildFile section */
		3F0560B316665134005D3170 /* TomatoTest.plist in Resources */ = {isa = PBXBuildFile; fileRef = 3F0560B216665134005D3170 /* TomatoTest.plist */; };
		3F2F8C771689BDEB00D2A668 /* TomatoDetailViewController.m in Sources */ = {isa = PBXBuildFile; fileRef = 3F2F8C761689BDEB00D2A668 /* TomatoDetailViewController.m */; };
		3F2F8C851689DF6800D2A668 /* NetworkInterface.m in Sources */ = {isa = PBXBuildFile; fileRef = 3F2F8C841689DF6800D2A668 /* NetworkInterface.m */; };
		3F3EE6CA168B49B700D011C3 /* Tag+Init.m in Sources */ = {isa = PBXBuildFile; fileRef = 3F3EE6C9168B49B700D011C3 /* Tag+Init.m */; };
		3F3EE6CD168C0DC900D011C3 /* Achievement+Init.m in Sources */ = {isa = PBXBuildFile; fileRef = 3F3EE6CC168C0DC900D011C3 /* Achievement+Init.m */; };
		3F556546168EE3E6000E3D9A /* CoreDataTableViewController.m in Sources */ = {isa = PBXBuildFile; fileRef = 3F556545168EE3E6000E3D9A /* CoreDataTableViewController.m */; };
		3F556549168EF111000E3D9A /* CoreDataViewController.m in Sources */ = {isa = PBXBuildFile; fileRef = 3F556548168EF111000E3D9A /* CoreDataViewController.m */; };
		3F5565F4168F1721000E3D9A /* Restaurant.m in Sources */ = {isa = PBXBuildFile; fileRef = 3F5565F3168F1720000E3D9A /* Restaurant.m */; };
		3F5565FA168F1723000E3D9A /* Telephone.m in Sources */ = {isa = PBXBuildFile; fileRef = 3F5565F9168F1723000E3D9A /* Telephone.m */; };
		3F5565FD168F1725000E3D9A /* Achievement.m in Sources */ = {isa = PBXBuildFile; fileRef = 3F5565FC168F1724000E3D9A /* Achievement.m */; };
		3F556600168F1725000E3D9A /* Order.m in Sources */ = {isa = PBXBuildFile; fileRef = 3F5565FF168F1725000E3D9A /* Order.m */; };
		3F556603168F1726000E3D9A /* Collection.m in Sources */ = {isa = PBXBuildFile; fileRef = 3F556602168F1726000E3D9A /* Collection.m */; };
		3F556606168F1727000E3D9A /* Record.m in Sources */ = {isa = PBXBuildFile; fileRef = 3F556605168F1726000E3D9A /* Record.m */; };
		3F55660C168F17BF000E3D9A /* Collection+Food.m in Sources */ = {isa = PBXBuildFile; fileRef = 3F55660B168F17BE000E3D9A /* Collection+Food.m */; };
		3F55660F168F1FFA000E3D9A /* FavoriteTableViewCell.m in Sources */ = {isa = PBXBuildFile; fileRef = 3F55660E168F1FFA000E3D9A /* FavoriteTableViewCell.m */; };
		3F7B7B00163D6558003A7505 /* UIKit.framework in Frameworks */ = {isa = PBXBuildFile; fileRef = 3F7B7AFF163D6558003A7505 /* UIKit.framework */; };
		3F7B7B02163D6558003A7505 /* Foundation.framework in Frameworks */ = {isa = PBXBuildFile; fileRef = 3F7B7B01163D6558003A7505 /* Foundation.framework */; };
		3F7B7B04163D6558003A7505 /* CoreGraphics.framework in Frameworks */ = {isa = PBXBuildFile; fileRef = 3F7B7B03163D6558003A7505 /* CoreGraphics.framework */; };
		3F7B7B0A163D6558003A7505 /* InfoPlist.strings in Resources */ = {isa = PBXBuildFile; fileRef = 3F7B7B08163D6558003A7505 /* InfoPlist.strings */; };
		3F7B7B0C163D6558003A7505 /* main.m in Sources */ = {isa = PBXBuildFile; fileRef = 3F7B7B0B163D6558003A7505 /* main.m */; };
		3F7B7B10163D6558003A7505 /* TomatoAppDelegate.m in Sources */ = {isa = PBXBuildFile; fileRef = 3F7B7B0F163D6558003A7505 /* TomatoAppDelegate.m */; };
		3F7B7B12163D6558003A7505 /* Default.png in Resources */ = {isa = PBXBuildFile; fileRef = 3F7B7B11163D6558003A7505 /* Default.png */; };
		3F7B7B14163D6558003A7505 /* Default@2x.png in Resources */ = {isa = PBXBuildFile; fileRef = 3F7B7B13163D6558003A7505 /* Default@2x.png */; };
		3F7B7B16163D6558003A7505 /* Default-568h@2x.png in Resources */ = {isa = PBXBuildFile; fileRef = 3F7B7B15163D6558003A7505 /* Default-568h@2x.png */; };
		3F7B7B19163D6558003A7505 /* MainStoryboard.storyboard in Resources */ = {isa = PBXBuildFile; fileRef = 3F7B7B17163D6558003A7505 /* MainStoryboard.storyboard */; };
		3F8B5B3316900F8F00D7B184 /* AchievementsTableViewCell.m in Sources */ = {isa = PBXBuildFile; fileRef = 3F8B5B3216900F8F00D7B184 /* AchievementsTableViewCell.m */; };
		3F8B5B371690195500D7B184 /* Food+Cart.m in Sources */ = {isa = PBXBuildFile; fileRef = 3F8B5B361690195500D7B184 /* Food+Cart.m */; };
		3F8B5B3B16901E1A00D7B184 /* foodImage.png in Resources */ = {isa = PBXBuildFile; fileRef = 3F8B5B3A16901E1A00D7B184 /* foodImage.png */; };
		3F8B5B4C16903D4A00D7B184 /* FilterTableViewController.m in Sources */ = {isa = PBXBuildFile; fileRef = 3F8B5B4B16903D4A00D7B184 /* FilterTableViewController.m */; };
		3F8B5B5416917DFE00D7B184 /* Collection+Edit.m in Sources */ = {isa = PBXBuildFile; fileRef = 3F8B5B5316917DFD00D7B184 /* Collection+Edit.m */; };
		3F8B5B5F1691AADB00D7B184 /* Tag.m in Sources */ = {isa = PBXBuildFile; fileRef = 3F8B5B5E1691AADB00D7B184 /* Tag.m */; };
		3F8B5B631691B41100D7B184 /* PublishTableViewController.m in Sources */ = {isa = PBXBuildFile; fileRef = 3F8B5B621691B41100D7B184 /* PublishTableViewController.m */; };
		3F8B5B761691DE6400D7B184 /* PublishHeaderViewController.m in Sources */ = {isa = PBXBuildFile; fileRef = 3F8B5B751691DE6200D7B184 /* PublishHeaderViewController.m */; };
		3F8B5B7A1691E49B00D7B184 /* FoodDetailView.m in Sources */ = {isa = PBXBuildFile; fileRef = 3F8B5B791691E49B00D7B184 /* FoodDetailView.m */; };
		3F8B5B7D1692952900D7B184 /* RestaurantTableViewController.m in Sources */ = {isa = PBXBuildFile; fileRef = 3F8B5B7C1692952800D7B184 /* RestaurantTableViewController.m */; };
		3FA605601648E9D600BF98AF /* CoreData.framework in Frameworks */ = {isa = PBXBuildFile; fileRef = 3FA6055F1648E9D600BF98AF /* CoreData.framework */; };
		3FAB16BF1692ED3600B95574 /* RestaurantFilterTableViewController.m in Sources */ = {isa = PBXBuildFile; fileRef = 3FAB16BE1692ED3600B95574 /* RestaurantFilterTableViewController.m */; };
		3FAB16C316932F6300B95574 /* Food+Grade.m in Sources */ = {isa = PBXBuildFile; fileRef = 3FAB16C216932F6300B95574 /* Food+Grade.m */; };
		3FAB16CA1694118F00B95574 /* Food+Update.m in Sources */ = {isa = PBXBuildFile; fileRef = 3FAB16C91694118F00B95574 /* Food+Update.m */; };
		3FAB16CE1694157D00B95574 /* Food+Init.m in Sources */ = {isa = PBXBuildFile; fileRef = 3FAB16CD1694157D00B95574 /* Food+Init.m */; };
		3FAB16D116941A7100B95574 /* Food.m in Sources */ = {isa = PBXBuildFile; fileRef = 3FAB16D016941A7100B95574 /* Food.m */; };
		3FAB16D31694418D00B95574 /* foodImageNoneBackground.png in Resources */ = {isa = PBXBuildFile; fileRef = 3FAB16D21694418D00B95574 /* foodImageNoneBackground.png */; };
		3FC49520168993E300F0A9B5 /* FoodTomatoTableViewCell.m in Sources */ = {isa = PBXBuildFile; fileRef = 3FC4951F168993E300F0A9B5 /* FoodTomatoTableViewCell.m */; };
		3FF0B07316450E3B0021ABE3 /* TomatoDataStore.xcdatamodeld in Sources */ = {isa = PBXBuildFile; fileRef = 3FF0B07116450E3B0021ABE3 /* TomatoDataStore.xcdatamodeld */; };
		3FF0B079164536E70021ABE3 /* initialData.plist in Resources */ = {isa = PBXBuildFile; fileRef = 3FF0B078164536E70021ABE3 /* initialData.plist */; };
		57A0541F16566004007C4CB3 /* TomatoTableViewController.m in Sources */ = {isa = PBXBuildFile; fileRef = 57A0541D16566004007C4CB3 /* TomatoTableViewController.m */; };
		57A05424165660C1007C4CB3 /* FavoritesTableViewController.m in Sources */ = {isa = PBXBuildFile; fileRef = 57A05422165660C0007C4CB3 /* FavoritesTableViewController.m */; };
		57A0542916566117007C4CB3 /* AchievementTableViewController.m in Sources */ = {isa = PBXBuildFile; fileRef = 57A0542716566117007C4CB3 /* AchievementTableViewController.m */; };
		7382DC6D1691C99500B5097B /* StarEmpty.png in Resources */ = {isa = PBXBuildFile; fileRef = 7382DC651691C99500B5097B /* StarEmpty.png */; };
		7382DC6E1691C99500B5097B /* StarEmpty@2x.png in Resources */ = {isa = PBXBuildFile; fileRef = 7382DC661691C99500B5097B /* StarEmpty@2x.png */; };
		7382DC6F1691C99500B5097B /* StarEmptyLarge.png in Resources */ = {isa = PBXBuildFile; fileRef = 7382DC671691C99500B5097B /* StarEmptyLarge.png */; };
		7382DC701691C99500B5097B /* StarEmptyLarge@2x.png in Resources */ = {isa = PBXBuildFile; fileRef = 7382DC681691C99500B5097B /* StarEmptyLarge@2x.png */; };
		7382DC711691C99500B5097B /* StarFull.png in Resources */ = {isa = PBXBuildFile; fileRef = 7382DC691691C99500B5097B /* StarFull.png */; };
		7382DC721691C99500B5097B /* StarFull@2x.png in Resources */ = {isa = PBXBuildFile; fileRef = 7382DC6A1691C99500B5097B /* StarFull@2x.png */; };
		7382DC731691C99500B5097B /* StarFullLarge.png in Resources */ = {isa = PBXBuildFile; fileRef = 7382DC6B1691C99500B5097B /* StarFullLarge.png */; };
		7382DC741691C99500B5097B /* StarFullLarge@2x.png in Resources */ = {isa = PBXBuildFile; fileRef = 7382DC6C1691C99500B5097B /* StarFullLarge@2x.png */; };
		7382DC771691C9A800B5097B /* RateView.m in Sources */ = {isa = PBXBuildFile; fileRef = 7382DC761691C9A800B5097B /* RateView.m */; };
		739FC4A41693F753007FBA97 /* QuartzCore.framework in Frameworks */ = {isa = PBXBuildFile; fileRef = 739FC4A31693F753007FBA97 /* QuartzCore.framework */; };
		739FC4A81693F765007FBA97 /* EGORefreshTableHeaderView.m in Sources */ = {isa = PBXBuildFile; fileRef = 739FC4A71693F765007FBA97 /* EGORefreshTableHeaderView.m */; };
		739FC4B11693F80A007FBA97 /* grayArrow.png in Resources */ = {isa = PBXBuildFile; fileRef = 739FC4A91693F80A007FBA97 /* grayArrow.png */; };
		739FC4B21693F80A007FBA97 /* grayArrow@2x.png in Resources */ = {isa = PBXBuildFile; fileRef = 739FC4AA1693F80A007FBA97 /* grayArrow@2x.png */; };
		739FC4B31693F80A007FBA97 /* blackArrow.png in Resources */ = {isa = PBXBuildFile; fileRef = 739FC4AB1693F80A007FBA97 /* blackArrow.png */; };
		739FC4B41693F80A007FBA97 /* blackArrow@2x.png in Resources */ = {isa = PBXBuildFile; fileRef = 739FC4AC1693F80A007FBA97 /* blackArrow@2x.png */; };
		739FC4B51693F80A007FBA97 /* blueArrow.png in Resources */ = {isa = PBXBuildFile; fileRef = 739FC4AD1693F80A007FBA97 /* blueArrow.png */; };
		739FC4B61693F80A007FBA97 /* blueArrow@2x.png in Resources */ = {isa = PBXBuildFile; fileRef = 739FC4AE1693F80A007FBA97 /* blueArrow@2x.png */; };
		739FC4B71693F80A007FBA97 /* whiteArrow.png in Resources */ = {isa = PBXBuildFile; fileRef = 739FC4AF1693F80A007FBA97 /* whiteArrow.png */; };
		739FC4B81693F80A007FBA97 /* whiteArrow@2x.png in Resources */ = {isa = PBXBuildFile; fileRef = 739FC4B01693F80A007FBA97 /* whiteArrow@2x.png */; };
		73DEDDBD168F2E0C00C1AA37 /* Cart.m in Sources */ = {isa = PBXBuildFile; fileRef = 73DEDDBC168F2E0C00C1AA37 /* Cart.m */; };
		73DEDDC1168F360200C1AA37 /* CartTableViewController.m in Sources */ = {isa = PBXBuildFile; fileRef = 73DEDDC0168F360200C1AA37 /* CartTableViewController.m */; };
		73DEDDC4168F362100C1AA37 /* CartFooterView.m in Sources */ = {isa = PBXBuildFile; fileRef = 73DEDDC3168F362100C1AA37 /* CartFooterView.m */; };
		73DEDDC6168F364200C1AA37 /* MessageUI.framework in Frameworks */ = {isa = PBXBuildFile; fileRef = 73DEDDC5168F364200C1AA37 /* MessageUI.framework */; };
		73DEDDC8168F365000C1AA37 /* CoreTelephony.framework in Frameworks */ = {isa = PBXBuildFile; fileRef = 73DEDDC7168F365000C1AA37 /* CoreTelephony.framework */; };
		73E38D92169581B00000D4A6 /* headerView.png in Resources */ = {isa = PBXBuildFile; fileRef = 73E38D91169581B00000D4A6 /* headerView.png */; };
		73E38D96169583AD0000D4A6 /* cellUnclickedBackground.png in Resources */ = {isa = PBXBuildFile; fileRef = 73E38D94169583AD0000D4A6 /* cellUnclickedBackground.png */; };
		73E38D981695847F0000D4A6 /* cellClickedBackground.png in Resources */ = {isa = PBXBuildFile; fileRef = 73E38D971695847F0000D4A6 /* cellClickedBackground.png */; };
		73E38DA2169596420000D4A6 /* brightSign.png in Resources */ = {isa = PBXBuildFile; fileRef = 73E38D9D169596410000D4A6 /* brightSign.png */; };
		73E38DA3169596420000D4A6 /* hotSign.png in Resources */ = {isa = PBXBuildFile; fileRef = 73E38D9E169596410000D4A6 /* hotSign.png */; };
		73E38DA5169596420000D4A6 /* strangeSign.png in Resources */ = {isa = PBXBuildFile; fileRef = 73E38DA0169596420000D4A6 /* strangeSign.png */; };
		73E38DAA169597750000D4A6 /* takeoutSign.png in Resources */ = {isa = PBXBuildFile; fileRef = 73E38DA9169597750000D4A6 /* takeoutSign.png */; };
		73E38DAC1695A12E0000D4A6 /* sweetSign.png in Resources */ = {isa = PBXBuildFile; fileRef = 73E38DAB1695A12D0000D4A6 /* sweetSign.png */; };
		73E38DAE1695A53B0000D4A6 /* junkfoodSign.png in Resources */ = {isa = PBXBuildFile; fileRef = 73E38DAD1695A53A0000D4A6 /* junkfoodSign.png */; };
/* End PBXBuildFile section */

/* Begin PBXFileReference section */
		3F0560B216665134005D3170 /* TomatoTest.plist */ = {isa = PBXFileReference; fileEncoding = 4; lastKnownFileType = text.plist.xml; path = TomatoTest.plist; sourceTree = "<group>"; };
		3F2F8C751689BDEB00D2A668 /* TomatoDetailViewController.h */ = {isa = PBXFileReference; fileEncoding = 4; lastKnownFileType = sourcecode.c.h; path = TomatoDetailViewController.h; sourceTree = "<group>"; };
		3F2F8C761689BDEB00D2A668 /* TomatoDetailViewController.m */ = {isa = PBXFileReference; fileEncoding = 4; lastKnownFileType = sourcecode.c.objc; path = TomatoDetailViewController.m; sourceTree = "<group>"; };
		3F2F8C831689DF6800D2A668 /* NetworkInterface.h */ = {isa = PBXFileReference; fileEncoding = 4; lastKnownFileType = sourcecode.c.h; path = NetworkInterface.h; sourceTree = "<group>"; };
		3F2F8C841689DF6800D2A668 /* NetworkInterface.m */ = {isa = PBXFileReference; fileEncoding = 4; lastKnownFileType = sourcecode.c.objc; path = NetworkInterface.m; sourceTree = "<group>"; };
		3F3EE6C8168B49B700D011C3 /* Tag+Init.h */ = {isa = PBXFileReference; fileEncoding = 4; lastKnownFileType = sourcecode.c.h; path = "Tag+Init.h"; sourceTree = "<group>"; };
		3F3EE6C9168B49B700D011C3 /* Tag+Init.m */ = {isa = PBXFileReference; fileEncoding = 4; lastKnownFileType = sourcecode.c.objc; path = "Tag+Init.m"; sourceTree = "<group>"; };
		3F3EE6CB168C0DC900D011C3 /* Achievement+Init.h */ = {isa = PBXFileReference; fileEncoding = 4; lastKnownFileType = sourcecode.c.h; path = "Achievement+Init.h"; sourceTree = "<group>"; };
		3F3EE6CC168C0DC900D011C3 /* Achievement+Init.m */ = {isa = PBXFileReference; fileEncoding = 4; lastKnownFileType = sourcecode.c.objc; path = "Achievement+Init.m"; sourceTree = "<group>"; };
		3F556544168EE3E6000E3D9A /* CoreDataTableViewController.h */ = {isa = PBXFileReference; fileEncoding = 4; lastKnownFileType = sourcecode.c.h; path = CoreDataTableViewController.h; sourceTree = "<group>"; };
		3F556545168EE3E6000E3D9A /* CoreDataTableViewController.m */ = {isa = PBXFileReference; fileEncoding = 4; lastKnownFileType = sourcecode.c.objc; path = CoreDataTableViewController.m; sourceTree = "<group>"; };
		3F556547168EF111000E3D9A /* CoreDataViewController.h */ = {isa = PBXFileReference; fileEncoding = 4; lastKnownFileType = sourcecode.c.h; path = CoreDataViewController.h; sourceTree = "<group>"; };
		3F556548168EF111000E3D9A /* CoreDataViewController.m */ = {isa = PBXFileReference; fileEncoding = 4; lastKnownFileType = sourcecode.c.objc; path = CoreDataViewController.m; sourceTree = "<group>"; };
		3F5565F2168F1720000E3D9A /* Restaurant.h */ = {isa = PBXFileReference; fileEncoding = 4; lastKnownFileType = sourcecode.c.h; path = Restaurant.h; sourceTree = "<group>"; };
		3F5565F3168F1720000E3D9A /* Restaurant.m */ = {isa = PBXFileReference; fileEncoding = 4; lastKnownFileType = sourcecode.c.objc; path = Restaurant.m; sourceTree = "<group>"; };
		3F5565F8168F1723000E3D9A /* Telephone.h */ = {isa = PBXFileReference; fileEncoding = 4; lastKnownFileType = sourcecode.c.h; path = Telephone.h; sourceTree = "<group>"; };
		3F5565F9168F1723000E3D9A /* Telephone.m */ = {isa = PBXFileReference; fileEncoding = 4; lastKnownFileType = sourcecode.c.objc; path = Telephone.m; sourceTree = "<group>"; };
		3F5565FB168F1724000E3D9A /* Achievement.h */ = {isa = PBXFileReference; fileEncoding = 4; lastKnownFileType = sourcecode.c.h; path = Achievement.h; sourceTree = "<group>"; };
		3F5565FC168F1724000E3D9A /* Achievement.m */ = {isa = PBXFileReference; fileEncoding = 4; lastKnownFileType = sourcecode.c.objc; path = Achievement.m; sourceTree = "<group>"; };
		3F5565FE168F1725000E3D9A /* Order.h */ = {isa = PBXFileReference; fileEncoding = 4; lastKnownFileType = sourcecode.c.h; path = Order.h; sourceTree = "<group>"; };
		3F5565FF168F1725000E3D9A /* Order.m */ = {isa = PBXFileReference; fileEncoding = 4; lastKnownFileType = sourcecode.c.objc; path = Order.m; sourceTree = "<group>"; };
		3F556601168F1726000E3D9A /* Collection.h */ = {isa = PBXFileReference; fileEncoding = 4; lastKnownFileType = sourcecode.c.h; path = Collection.h; sourceTree = "<group>"; };
		3F556602168F1726000E3D9A /* Collection.m */ = {isa = PBXFileReference; fileEncoding = 4; lastKnownFileType = sourcecode.c.objc; path = Collection.m; sourceTree = "<group>"; };
		3F556604168F1726000E3D9A /* Record.h */ = {isa = PBXFileReference; fileEncoding = 4; lastKnownFileType = sourcecode.c.h; path = Record.h; sourceTree = "<group>"; };
		3F556605168F1726000E3D9A /* Record.m */ = {isa = PBXFileReference; fileEncoding = 4; lastKnownFileType = sourcecode.c.objc; path = Record.m; sourceTree = "<group>"; };
		3F55660A168F17BE000E3D9A /* Collection+Food.h */ = {isa = PBXFileReference; fileEncoding = 4; lastKnownFileType = sourcecode.c.h; path = "Collection+Food.h"; sourceTree = "<group>"; };
		3F55660B168F17BE000E3D9A /* Collection+Food.m */ = {isa = PBXFileReference; fileEncoding = 4; lastKnownFileType = sourcecode.c.objc; path = "Collection+Food.m"; sourceTree = "<group>"; };
		3F55660D168F1FFA000E3D9A /* FavoriteTableViewCell.h */ = {isa = PBXFileReference; fileEncoding = 4; lastKnownFileType = sourcecode.c.h; path = FavoriteTableViewCell.h; sourceTree = "<group>"; };
		3F55660E168F1FFA000E3D9A /* FavoriteTableViewCell.m */ = {isa = PBXFileReference; fileEncoding = 4; lastKnownFileType = sourcecode.c.objc; path = FavoriteTableViewCell.m; sourceTree = "<group>"; };
		3F7B7AFB163D6558003A7505 /* Tomato.app */ = {isa = PBXFileReference; explicitFileType = wrapper.application; includeInIndex = 0; path = Tomato.app; sourceTree = BUILT_PRODUCTS_DIR; };
		3F7B7AFF163D6558003A7505 /* UIKit.framework */ = {isa = PBXFileReference; lastKnownFileType = wrapper.framework; name = UIKit.framework; path = System/Library/Frameworks/UIKit.framework; sourceTree = SDKROOT; };
		3F7B7B01163D6558003A7505 /* Foundation.framework */ = {isa = PBXFileReference; lastKnownFileType = wrapper.framework; name = Foundation.framework; path = System/Library/Frameworks/Foundation.framework; sourceTree = SDKROOT; };
		3F7B7B03163D6558003A7505 /* CoreGraphics.framework */ = {isa = PBXFileReference; lastKnownFileType = wrapper.framework; name = CoreGraphics.framework; path = System/Library/Frameworks/CoreGraphics.framework; sourceTree = SDKROOT; };
		3F7B7B07163D6558003A7505 /* Tomato-Info.plist */ = {isa = PBXFileReference; lastKnownFileType = text.plist.xml; path = "Tomato-Info.plist"; sourceTree = "<group>"; };
		3F7B7B09163D6558003A7505 /* en */ = {isa = PBXFileReference; lastKnownFileType = text.plist.strings; name = en; path = en.lproj/InfoPlist.strings; sourceTree = "<group>"; };
		3F7B7B0B163D6558003A7505 /* main.m */ = {isa = PBXFileReference; lastKnownFileType = sourcecode.c.objc; path = main.m; sourceTree = "<group>"; };
		3F7B7B0D163D6558003A7505 /* Tomato-Prefix.pch */ = {isa = PBXFileReference; lastKnownFileType = sourcecode.c.h; path = "Tomato-Prefix.pch"; sourceTree = "<group>"; };
		3F7B7B0E163D6558003A7505 /* TomatoAppDelegate.h */ = {isa = PBXFileReference; lastKnownFileType = sourcecode.c.h; path = TomatoAppDelegate.h; sourceTree = "<group>"; };
		3F7B7B0F163D6558003A7505 /* TomatoAppDelegate.m */ = {isa = PBXFileReference; lastKnownFileType = sourcecode.c.objc; path = TomatoAppDelegate.m; sourceTree = "<group>"; };
		3F7B7B11163D6558003A7505 /* Default.png */ = {isa = PBXFileReference; lastKnownFileType = image.png; path = Default.png; sourceTree = "<group>"; };
		3F7B7B13163D6558003A7505 /* Default@2x.png */ = {isa = PBXFileReference; lastKnownFileType = image.png; path = "Default@2x.png"; sourceTree = "<group>"; };
		3F7B7B15163D6558003A7505 /* Default-568h@2x.png */ = {isa = PBXFileReference; lastKnownFileType = image.png; path = "Default-568h@2x.png"; sourceTree = "<group>"; };
		3F7B7B18163D6558003A7505 /* en */ = {isa = PBXFileReference; lastKnownFileType = file.storyboard; name = en; path = en.lproj/MainStoryboard.storyboard; sourceTree = "<group>"; };
		3F8B5B3116900F8F00D7B184 /* AchievementsTableViewCell.h */ = {isa = PBXFileReference; fileEncoding = 4; lastKnownFileType = sourcecode.c.h; path = AchievementsTableViewCell.h; sourceTree = "<group>"; };
		3F8B5B3216900F8F00D7B184 /* AchievementsTableViewCell.m */ = {isa = PBXFileReference; fileEncoding = 4; lastKnownFileType = sourcecode.c.objc; path = AchievementsTableViewCell.m; sourceTree = "<group>"; };
		3F8B5B351690195500D7B184 /* Food+Cart.h */ = {isa = PBXFileReference; fileEncoding = 4; lastKnownFileType = sourcecode.c.h; path = "Food+Cart.h"; sourceTree = "<group>"; };
		3F8B5B361690195500D7B184 /* Food+Cart.m */ = {isa = PBXFileReference; fileEncoding = 4; lastKnownFileType = sourcecode.c.objc; path = "Food+Cart.m"; sourceTree = "<group>"; };
		3F8B5B3A16901E1A00D7B184 /* foodImage.png */ = {isa = PBXFileReference; lastKnownFileType = image.png; path = foodImage.png; sourceTree = "<group>"; };
		3F8B5B4A16903D4A00D7B184 /* FilterTableViewController.h */ = {isa = PBXFileReference; fileEncoding = 4; lastKnownFileType = sourcecode.c.h; path = FilterTableViewController.h; sourceTree = "<group>"; };
		3F8B5B4B16903D4A00D7B184 /* FilterTableViewController.m */ = {isa = PBXFileReference; fileEncoding = 4; lastKnownFileType = sourcecode.c.objc; path = FilterTableViewController.m; sourceTree = "<group>"; };
		3F8B5B5216917DFD00D7B184 /* Collection+Edit.h */ = {isa = PBXFileReference; fileEncoding = 4; lastKnownFileType = sourcecode.c.h; path = "Collection+Edit.h"; sourceTree = "<group>"; };
		3F8B5B5316917DFD00D7B184 /* Collection+Edit.m */ = {isa = PBXFileReference; fileEncoding = 4; lastKnownFileType = sourcecode.c.objc; path = "Collection+Edit.m"; sourceTree = "<group>"; };
		3F8B5B5D1691AADB00D7B184 /* Tag.h */ = {isa = PBXFileReference; fileEncoding = 4; lastKnownFileType = sourcecode.c.h; path = Tag.h; sourceTree = "<group>"; };
		3F8B5B5E1691AADB00D7B184 /* Tag.m */ = {isa = PBXFileReference; fileEncoding = 4; lastKnownFileType = sourcecode.c.objc; path = Tag.m; sourceTree = "<group>"; };
		3F8B5B611691B41100D7B184 /* PublishTableViewController.h */ = {isa = PBXFileReference; fileEncoding = 4; lastKnownFileType = sourcecode.c.h; path = PublishTableViewController.h; sourceTree = "<group>"; };
		3F8B5B621691B41100D7B184 /* PublishTableViewController.m */ = {isa = PBXFileReference; fileEncoding = 4; lastKnownFileType = sourcecode.c.objc; path = PublishTableViewController.m; sourceTree = "<group>"; };
		3F8B5B741691DE6200D7B184 /* PublishHeaderViewController.h */ = {isa = PBXFileReference; fileEncoding = 4; lastKnownFileType = sourcecode.c.h; path = PublishHeaderViewController.h; sourceTree = "<group>"; };
		3F8B5B751691DE6200D7B184 /* PublishHeaderViewController.m */ = {isa = PBXFileReference; fileEncoding = 4; lastKnownFileType = sourcecode.c.objc; path = PublishHeaderViewController.m; sourceTree = "<group>"; };
		3F8B5B781691E49B00D7B184 /* FoodDetailView.h */ = {isa = PBXFileReference; fileEncoding = 4; lastKnownFileType = sourcecode.c.h; path = FoodDetailView.h; sourceTree = "<group>"; };
		3F8B5B791691E49B00D7B184 /* FoodDetailView.m */ = {isa = PBXFileReference; fileEncoding = 4; lastKnownFileType = sourcecode.c.objc; path = FoodDetailView.m; sourceTree = "<group>"; };
		3F8B5B7B1692952800D7B184 /* RestaurantTableViewController.h */ = {isa = PBXFileReference; fileEncoding = 4; lastKnownFileType = sourcecode.c.h; path = RestaurantTableViewController.h; sourceTree = "<group>"; };
		3F8B5B7C1692952800D7B184 /* RestaurantTableViewController.m */ = {isa = PBXFileReference; fileEncoding = 4; lastKnownFileType = sourcecode.c.objc; path = RestaurantTableViewController.m; sourceTree = "<group>"; };
		3FA6055F1648E9D600BF98AF /* CoreData.framework */ = {isa = PBXFileReference; lastKnownFileType = wrapper.framework; name = CoreData.framework; path = System/Library/Frameworks/CoreData.framework; sourceTree = SDKROOT; };
		3FAB16BD1692ED3600B95574 /* RestaurantFilterTableViewController.h */ = {isa = PBXFileReference; fileEncoding = 4; lastKnownFileType = sourcecode.c.h; path = RestaurantFilterTableViewController.h; sourceTree = "<group>"; };
		3FAB16BE1692ED3600B95574 /* RestaurantFilterTableViewController.m */ = {isa = PBXFileReference; fileEncoding = 4; lastKnownFileType = sourcecode.c.objc; path = RestaurantFilterTableViewController.m; sourceTree = "<group>"; };
		3FAB16C116932F6300B95574 /* Food+Grade.h */ = {isa = PBXFileReference; fileEncoding = 4; lastKnownFileType = sourcecode.c.h; path = "Food+Grade.h"; sourceTree = "<group>"; };
		3FAB16C216932F6300B95574 /* Food+Grade.m */ = {isa = PBXFileReference; fileEncoding = 4; lastKnownFileType = sourcecode.c.objc; path = "Food+Grade.m"; sourceTree = "<group>"; };
		3FAB16C81694118E00B95574 /* Food+Update.h */ = {isa = PBXFileReference; fileEncoding = 4; lastKnownFileType = sourcecode.c.h; path = "Food+Update.h"; sourceTree = "<group>"; };
		3FAB16C91694118F00B95574 /* Food+Update.m */ = {isa = PBXFileReference; fileEncoding = 4; lastKnownFileType = sourcecode.c.objc; path = "Food+Update.m"; sourceTree = "<group>"; };
		3FAB16CC1694157C00B95574 /* Food+Init.h */ = {isa = PBXFileReference; fileEncoding = 4; lastKnownFileType = sourcecode.c.h; path = "Food+Init.h"; sourceTree = "<group>"; };
		3FAB16CD1694157D00B95574 /* Food+Init.m */ = {isa = PBXFileReference; fileEncoding = 4; lastKnownFileType = sourcecode.c.objc; path = "Food+Init.m"; sourceTree = "<group>"; };
		3FAB16CF16941A7000B95574 /* Food.h */ = {isa = PBXFileReference; fileEncoding = 4; lastKnownFileType = sourcecode.c.h; path = Food.h; sourceTree = "<group>"; };
		3FAB16D016941A7100B95574 /* Food.m */ = {isa = PBXFileReference; fileEncoding = 4; lastKnownFileType = sourcecode.c.objc; path = Food.m; sourceTree = "<group>"; };
		3FAB16D21694418D00B95574 /* foodImageNoneBackground.png */ = {isa = PBXFileReference; lastKnownFileType = image.png; path = foodImageNoneBackground.png; sourceTree = "<group>"; };
		3FC4951E168993E300F0A9B5 /* FoodTomatoTableViewCell.h */ = {isa = PBXFileReference; fileEncoding = 4; lastKnownFileType = sourcecode.c.h; path = FoodTomatoTableViewCell.h; sourceTree = "<group>"; };
		3FC4951F168993E300F0A9B5 /* FoodTomatoTableViewCell.m */ = {isa = PBXFileReference; fileEncoding = 4; lastKnownFileType = sourcecode.c.objc; path = FoodTomatoTableViewCell.m; sourceTree = "<group>"; };
		3FF0B07216450E3B0021ABE3 /* TomatoDataStore.xcdatamodel */ = {isa = PBXFileReference; lastKnownFileType = wrapper.xcdatamodel; path = TomatoDataStore.xcdatamodel; sourceTree = "<group>"; };
		3FF0B078164536E70021ABE3 /* initialData.plist */ = {isa = PBXFileReference; fileEncoding = 4; lastKnownFileType = text.plist.xml; path = initialData.plist; sourceTree = "<group>"; };
		57A0541C16566004007C4CB3 /* TomatoTableViewController.h */ = {isa = PBXFileReference; fileEncoding = 4; lastKnownFileType = sourcecode.c.h; path = TomatoTableViewController.h; sourceTree = "<group>"; };
		57A0541D16566004007C4CB3 /* TomatoTableViewController.m */ = {isa = PBXFileReference; fileEncoding = 4; lastKnownFileType = sourcecode.c.objc; path = TomatoTableViewController.m; sourceTree = "<group>"; };
		57A05421165660C0007C4CB3 /* FavoritesTableViewController.h */ = {isa = PBXFileReference; fileEncoding = 4; lastKnownFileType = sourcecode.c.h; path = FavoritesTableViewController.h; sourceTree = "<group>"; };
		57A05422165660C0007C4CB3 /* FavoritesTableViewController.m */ = {isa = PBXFileReference; fileEncoding = 4; lastKnownFileType = sourcecode.c.objc; path = FavoritesTableViewController.m; sourceTree = "<group>"; };
		57A0542616566117007C4CB3 /* AchievementTableViewController.h */ = {isa = PBXFileReference; fileEncoding = 4; lastKnownFileType = sourcecode.c.h; path = AchievementTableViewController.h; sourceTree = "<group>"; };
		57A0542716566117007C4CB3 /* AchievementTableViewController.m */ = {isa = PBXFileReference; fileEncoding = 4; lastKnownFileType = sourcecode.c.objc; path = AchievementTableViewController.m; sourceTree = "<group>"; };
		7382DC651691C99500B5097B /* StarEmpty.png */ = {isa = PBXFileReference; lastKnownFileType = image.png; path = StarEmpty.png; sourceTree = "<group>"; };
		7382DC661691C99500B5097B /* StarEmpty@2x.png */ = {isa = PBXFileReference; lastKnownFileType = image.png; path = "StarEmpty@2x.png"; sourceTree = "<group>"; };
		7382DC671691C99500B5097B /* StarEmptyLarge.png */ = {isa = PBXFileReference; lastKnownFileType = image.png; path = StarEmptyLarge.png; sourceTree = "<group>"; };
		7382DC681691C99500B5097B /* StarEmptyLarge@2x.png */ = {isa = PBXFileReference; lastKnownFileType = image.png; path = "StarEmptyLarge@2x.png"; sourceTree = "<group>"; };
		7382DC691691C99500B5097B /* StarFull.png */ = {isa = PBXFileReference; lastKnownFileType = image.png; path = StarFull.png; sourceTree = "<group>"; };
		7382DC6A1691C99500B5097B /* StarFull@2x.png */ = {isa = PBXFileReference; lastKnownFileType = image.png; path = "StarFull@2x.png"; sourceTree = "<group>"; };
		7382DC6B1691C99500B5097B /* StarFullLarge.png */ = {isa = PBXFileReference; lastKnownFileType = image.png; path = StarFullLarge.png; sourceTree = "<group>"; };
		7382DC6C1691C99500B5097B /* StarFullLarge@2x.png */ = {isa = PBXFileReference; lastKnownFileType = image.png; path = "StarFullLarge@2x.png"; sourceTree = "<group>"; };
		7382DC751691C9A800B5097B /* RateView.h */ = {isa = PBXFileReference; fileEncoding = 4; lastKnownFileType = sourcecode.c.h; path = RateView.h; sourceTree = "<group>"; };
		7382DC761691C9A800B5097B /* RateView.m */ = {isa = PBXFileReference; fileEncoding = 4; lastKnownFileType = sourcecode.c.objc; path = RateView.m; sourceTree = "<group>"; };
		739FC4A31693F753007FBA97 /* QuartzCore.framework */ = {isa = PBXFileReference; lastKnownFileType = wrapper.framework; name = QuartzCore.framework; path = System/Library/Frameworks/QuartzCore.framework; sourceTree = SDKROOT; };
		739FC4A61693F765007FBA97 /* EGORefreshTableHeaderView.h */ = {isa = PBXFileReference; fileEncoding = 4; lastKnownFileType = sourcecode.c.h; path = EGORefreshTableHeaderView.h; sourceTree = "<group>"; };
		739FC4A71693F765007FBA97 /* EGORefreshTableHeaderView.m */ = {isa = PBXFileReference; fileEncoding = 4; lastKnownFileType = sourcecode.c.objc; path = EGORefreshTableHeaderView.m; sourceTree = "<group>"; };
		739FC4A91693F80A007FBA97 /* grayArrow.png */ = {isa = PBXFileReference; lastKnownFileType = image.png; path = grayArrow.png; sourceTree = "<group>"; };
		739FC4AA1693F80A007FBA97 /* grayArrow@2x.png */ = {isa = PBXFileReference; lastKnownFileType = image.png; path = "grayArrow@2x.png"; sourceTree = "<group>"; };
		739FC4AB1693F80A007FBA97 /* blackArrow.png */ = {isa = PBXFileReference; lastKnownFileType = image.png; path = blackArrow.png; sourceTree = "<group>"; };
		739FC4AC1693F80A007FBA97 /* blackArrow@2x.png */ = {isa = PBXFileReference; lastKnownFileType = image.png; path = "blackArrow@2x.png"; sourceTree = "<group>"; };
		739FC4AD1693F80A007FBA97 /* blueArrow.png */ = {isa = PBXFileReference; lastKnownFileType = image.png; path = blueArrow.png; sourceTree = "<group>"; };
		739FC4AE1693F80A007FBA97 /* blueArrow@2x.png */ = {isa = PBXFileReference; lastKnownFileType = image.png; path = "blueArrow@2x.png"; sourceTree = "<group>"; };
		739FC4AF1693F80A007FBA97 /* whiteArrow.png */ = {isa = PBXFileReference; lastKnownFileType = image.png; path = whiteArrow.png; sourceTree = "<group>"; };
		739FC4B01693F80A007FBA97 /* whiteArrow@2x.png */ = {isa = PBXFileReference; lastKnownFileType = image.png; path = "whiteArrow@2x.png"; sourceTree = "<group>"; };
		73DEDDBB168F2E0C00C1AA37 /* Cart.h */ = {isa = PBXFileReference; fileEncoding = 4; lastKnownFileType = sourcecode.c.h; path = Cart.h; sourceTree = "<group>"; };
		73DEDDBC168F2E0C00C1AA37 /* Cart.m */ = {isa = PBXFileReference; fileEncoding = 4; lastKnownFileType = sourcecode.c.objc; path = Cart.m; sourceTree = "<group>"; };
		73DEDDBF168F360200C1AA37 /* CartTableViewController.h */ = {isa = PBXFileReference; fileEncoding = 4; lastKnownFileType = sourcecode.c.h; path = CartTableViewController.h; sourceTree = "<group>"; };
		73DEDDC0168F360200C1AA37 /* CartTableViewController.m */ = {isa = PBXFileReference; fileEncoding = 4; lastKnownFileType = sourcecode.c.objc; path = CartTableViewController.m; sourceTree = "<group>"; };
		73DEDDC2168F362100C1AA37 /* CartFooterView.h */ = {isa = PBXFileReference; fileEncoding = 4; lastKnownFileType = sourcecode.c.h; path = CartFooterView.h; sourceTree = "<group>"; };
		73DEDDC3168F362100C1AA37 /* CartFooterView.m */ = {isa = PBXFileReference; fileEncoding = 4; lastKnownFileType = sourcecode.c.objc; path = CartFooterView.m; sourceTree = "<group>"; };
		73DEDDC5168F364200C1AA37 /* MessageUI.framework */ = {isa = PBXFileReference; lastKnownFileType = wrapper.framework; name = MessageUI.framework; path = System/Library/Frameworks/MessageUI.framework; sourceTree = SDKROOT; };
		73DEDDC7168F365000C1AA37 /* CoreTelephony.framework */ = {isa = PBXFileReference; lastKnownFileType = wrapper.framework; name = CoreTelephony.framework; path = System/Library/Frameworks/CoreTelephony.framework; sourceTree = SDKROOT; };
		73E38D91169581B00000D4A6 /* headerView.png */ = {isa = PBXFileReference; lastKnownFileType = image.png; path = headerView.png; sourceTree = "<group>"; };
		73E38D94169583AD0000D4A6 /* cellUnclickedBackground.png */ = {isa = PBXFileReference; lastKnownFileType = image.png; path = cellUnclickedBackground.png; sourceTree = "<group>"; };
		73E38D971695847F0000D4A6 /* cellClickedBackground.png */ = {isa = PBXFileReference; lastKnownFileType = image.png; path = cellClickedBackground.png; sourceTree = "<group>"; };
		73E38D9D169596410000D4A6 /* brightSign.png */ = {isa = PBXFileReference; lastKnownFileType = image.png; path = brightSign.png; sourceTree = "<group>"; };
		73E38D9E169596410000D4A6 /* hotSign.png */ = {isa = PBXFileReference; lastKnownFileType = image.png; path = hotSign.png; sourceTree = "<group>"; };
		73E38DA0169596420000D4A6 /* strangeSign.png */ = {isa = PBXFileReference; lastKnownFileType = image.png; path = strangeSign.png; sourceTree = "<group>"; };
		73E38DA9169597750000D4A6 /* takeoutSign.png */ = {isa = PBXFileReference; lastKnownFileType = image.png; path = takeoutSign.png; sourceTree = "<group>"; };
		73E38DAB1695A12D0000D4A6 /* sweetSign.png */ = {isa = PBXFileReference; lastKnownFileType = image.png; path = sweetSign.png; sourceTree = "<group>"; };
		73E38DAD1695A53A0000D4A6 /* junkfoodSign.png */ = {isa = PBXFileReference; lastKnownFileType = image.png; path = junkfoodSign.png; sourceTree = "<group>"; };
/* End PBXFileReference section */

/* Begin PBXFrameworksBuildPhase section */
		3F7B7AF8163D6558003A7505 /* Frameworks */ = {
			isa = PBXFrameworksBuildPhase;
			buildActionMask = 2147483647;
			files = (
				739FC4A41693F753007FBA97 /* QuartzCore.framework in Frameworks */,
				73DEDDC8168F365000C1AA37 /* CoreTelephony.framework in Frameworks */,
				73DEDDC6168F364200C1AA37 /* MessageUI.framework in Frameworks */,
				3FA605601648E9D600BF98AF /* CoreData.framework in Frameworks */,
				3F7B7B00163D6558003A7505 /* UIKit.framework in Frameworks */,
				3F7B7B02163D6558003A7505 /* Foundation.framework in Frameworks */,
				3F7B7B04163D6558003A7505 /* CoreGraphics.framework in Frameworks */,
			);
			runOnlyForDeploymentPostprocessing = 0;
		};
/* End PBXFrameworksBuildPhase section */

/* Begin PBXGroup section */
		3F2F8C791689C93300D2A668 /* TomatoMainModule */ = {
			isa = PBXGroup;
			children = (
				739FC4A61693F765007FBA97 /* EGORefreshTableHeaderView.h */,
				739FC4A71693F765007FBA97 /* EGORefreshTableHeaderView.m */,
				57A0541C16566004007C4CB3 /* TomatoTableViewController.h */,
				57A0541D16566004007C4CB3 /* TomatoTableViewController.m */,
				3FC4951E168993E300F0A9B5 /* FoodTomatoTableViewCell.h */,
				3FC4951F168993E300F0A9B5 /* FoodTomatoTableViewCell.m */,
				3F2F8C751689BDEB00D2A668 /* TomatoDetailViewController.h */,
				3F2F8C761689BDEB00D2A668 /* TomatoDetailViewController.m */,
				7382DC751691C9A800B5097B /* RateView.h */,
				7382DC761691C9A800B5097B /* RateView.m */,
			);
			name = TomatoMainModule;
			sourceTree = "<group>";
		};
		3F2F8C7A1689C95F00D2A668 /* FavoritesModule */ = {
			isa = PBXGroup;
			children = (
				57A05421165660C0007C4CB3 /* FavoritesTableViewController.h */,
				57A05422165660C0007C4CB3 /* FavoritesTableViewController.m */,
				3F55660D168F1FFA000E3D9A /* FavoriteTableViewCell.h */,
				3F55660E168F1FFA000E3D9A /* FavoriteTableViewCell.m */,
			);
			name = FavoritesModule;
			sourceTree = "<group>";
		};
		3F2F8C7B1689C97000D2A668 /* CartModule */ = {
			isa = PBXGroup;
			children = (
				73DEDDBB168F2E0C00C1AA37 /* Cart.h */,
				73DEDDBC168F2E0C00C1AA37 /* Cart.m */,
				73DEDDC2168F362100C1AA37 /* CartFooterView.h */,
				73DEDDC3168F362100C1AA37 /* CartFooterView.m */,
				73DEDDBF168F360200C1AA37 /* CartTableViewController.h */,
				73DEDDC0168F360200C1AA37 /* CartTableViewController.m */,
			);
			name = CartModule;
			sourceTree = "<group>";
		};
		3F2F8C7C1689C9AB00D2A668 /* AchievementsModule */ = {
			isa = PBXGroup;
			children = (
				57A0542616566117007C4CB3 /* AchievementTableViewController.h */,
				57A0542716566117007C4CB3 /* AchievementTableViewController.m */,
				3F8B5B3116900F8F00D7B184 /* AchievementsTableViewCell.h */,
				3F8B5B3216900F8F00D7B184 /* AchievementsTableViewCell.m */,
			);
			name = AchievementsModule;
			sourceTree = "<group>";
		};
		3F2F8C7D1689C9E400D2A668 /* ManagedObjects */ = {
			isa = PBXGroup;
			children = (
				3FAB16CF16941A7000B95574 /* Food.h */,
				3FAB16D016941A7100B95574 /* Food.m */,
				3F8B5B5D1691AADB00D7B184 /* Tag.h */,
				3F8B5B5E1691AADB00D7B184 /* Tag.m */,
				3FAB16CC1694157C00B95574 /* Food+Init.h */,
				3FAB16CD1694157D00B95574 /* Food+Init.m */,
				3FAB16C81694118E00B95574 /* Food+Update.h */,
				3FAB16C91694118F00B95574 /* Food+Update.m */,
				3FAB16C116932F6300B95574 /* Food+Grade.h */,
				3FAB16C216932F6300B95574 /* Food+Grade.m */,
				3F8B5B351690195500D7B184 /* Food+Cart.h */,
				3F8B5B361690195500D7B184 /* Food+Cart.m */,
				3F556604168F1726000E3D9A /* Record.h */,
				3F556605168F1726000E3D9A /* Record.m */,
				3F556601168F1726000E3D9A /* Collection.h */,
				3F556602168F1726000E3D9A /* Collection.m */,
				3F8B5B5216917DFD00D7B184 /* Collection+Edit.h */,
				3F8B5B5316917DFD00D7B184 /* Collection+Edit.m */,
				3F55660A168F17BE000E3D9A /* Collection+Food.h */,
				3F55660B168F17BE000E3D9A /* Collection+Food.m */,
				3F5565FE168F1725000E3D9A /* Order.h */,
				3F5565FF168F1725000E3D9A /* Order.m */,
				3F5565FB168F1724000E3D9A /* Achievement.h */,
				3F5565FC168F1724000E3D9A /* Achievement.m */,
				3F5565F8168F1723000E3D9A /* Telephone.h */,
				3F5565F9168F1723000E3D9A /* Telephone.m */,
				3F5565F2168F1720000E3D9A /* Restaurant.h */,
				3F5565F3168F1720000E3D9A /* Restaurant.m */,
				3F3EE6C8168B49B700D011C3 /* Tag+Init.h */,
				3F3EE6C9168B49B700D011C3 /* Tag+Init.m */,
				3F3EE6CB168C0DC900D011C3 /* Achievement+Init.h */,
				3F3EE6CC168C0DC900D011C3 /* Achievement+Init.m */,
			);
			name = ManagedObjects;
			sourceTree = "<group>";
		};
		3F2F8C821689DEDE00D2A668 /* NetworkLayer */ = {
			isa = PBXGroup;
			children = (
				3F2F8C831689DF6800D2A668 /* NetworkInterface.h */,
				3F2F8C841689DF6800D2A668 /* NetworkInterface.m */,
			);
			name = NetworkLayer;
			sourceTree = "<group>";
		};
		3F556541168EE351000E3D9A /* CoreData */ = {
			isa = PBXGroup;
			children = (
				3F556544168EE3E6000E3D9A /* CoreDataTableViewController.h */,
				3F556545168EE3E6000E3D9A /* CoreDataTableViewController.m */,
				3F556547168EF111000E3D9A /* CoreDataViewController.h */,
				3F556548168EF111000E3D9A /* CoreDataViewController.m */,
			);
			name = CoreData;
			sourceTree = "<group>";
		};
		3F556543168EE378000E3D9A /* Resource */ = {
			isa = PBXGroup;
			children = (
				73E38DA9169597750000D4A6 /* takeoutSign.png */,
				73E38D9D169596410000D4A6 /* brightSign.png */,
				73E38DAD1695A53A0000D4A6 /* junkfoodSign.png */,
				73E38DAB1695A12D0000D4A6 /* sweetSign.png */,
				73E38D9E169596410000D4A6 /* hotSign.png */,
				73E38DA0169596420000D4A6 /* strangeSign.png */,
				73E38D971695847F0000D4A6 /* cellClickedBackground.png */,
				73E38D94169583AD0000D4A6 /* cellUnclickedBackground.png */,
				73E38D91169581B00000D4A6 /* headerView.png */,
				3FAB16D21694418D00B95574 /* foodImageNoneBackground.png */,
				739FC4A91693F80A007FBA97 /* grayArrow.png */,
				739FC4AA1693F80A007FBA97 /* grayArrow@2x.png */,
				739FC4AB1693F80A007FBA97 /* blackArrow.png */,
				739FC4AC1693F80A007FBA97 /* blackArrow@2x.png */,
				739FC4AD1693F80A007FBA97 /* blueArrow.png */,
				739FC4AE1693F80A007FBA97 /* blueArrow@2x.png */,
				739FC4AF1693F80A007FBA97 /* whiteArrow.png */,
				739FC4B01693F80A007FBA97 /* whiteArrow@2x.png */,
				3F8B5B3A16901E1A00D7B184 /* foodImage.png */,
				7382DC651691C99500B5097B /* StarEmpty.png */,
				7382DC661691C99500B5097B /* StarEmpty@2x.png */,
				7382DC671691C99500B5097B /* StarEmptyLarge.png */,
				7382DC681691C99500B5097B /* StarEmptyLarge@2x.png */,
				7382DC691691C99500B5097B /* StarFull.png */,
				7382DC6A1691C99500B5097B /* StarFull@2x.png */,
				7382DC6B1691C99500B5097B /* StarFullLarge.png */,
				7382DC6C1691C99500B5097B /* StarFullLarge@2x.png */,
			);
			name = Resource;
			sourceTree = "<group>";
		};
		3F7B7AF0163D6558003A7505 = {
			isa = PBXGroup;
			children = (
				3F7B7B05163D6558003A7505 /* Tomato */,
				3F7B7AFE163D6558003A7505 /* Frameworks */,
				3F7B7AFC163D6558003A7505 /* Products */,
			);
			sourceTree = "<group>";
		};
		3F7B7AFC163D6558003A7505 /* Products */ = {
			isa = PBXGroup;
			children = (
				3F7B7AFB163D6558003A7505 /* Tomato.app */,
			);
			name = Products;
			sourceTree = "<group>";
		};
		3F7B7AFE163D6558003A7505 /* Frameworks */ = {
			isa = PBXGroup;
			children = (
				739FC4A31693F753007FBA97 /* QuartzCore.framework */,
				73DEDDC7168F365000C1AA37 /* CoreTelephony.framework */,
				73DEDDC5168F364200C1AA37 /* MessageUI.framework */,
				3FA6055F1648E9D600BF98AF /* CoreData.framework */,
				3F7B7AFF163D6558003A7505 /* UIKit.framework */,
				3F7B7B01163D6558003A7505 /* Foundation.framework */,
				3F7B7B03163D6558003A7505 /* CoreGraphics.framework */,
			);
			name = Frameworks;
			sourceTree = "<group>";
		};
		3F7B7B05163D6558003A7505 /* Tomato */ = {
			isa = PBXGroup;
			children = (
				3F556543168EE378000E3D9A /* Resource */,
				3FF0B07016450DDB0021ABE3 /* InitialData */,
				3FF0B06E16450DD00021ABE3 /* Classes */,
				3F7B7B06163D6558003A7505 /* Supporting Files */,
			);
			path = Tomato;
			sourceTree = "<group>";
		};
		3F7B7B06163D6558003A7505 /* Supporting Files */ = {
			isa = PBXGroup;
			children = (
				3F7B7B17163D6558003A7505 /* MainStoryboard.storyboard */,
				3FF0B07116450E3B0021ABE3 /* TomatoDataStore.xcdatamodeld */,
				3F7B7B0E163D6558003A7505 /* TomatoAppDelegate.h */,
				3F7B7B0F163D6558003A7505 /* TomatoAppDelegate.m */,
				3F7B7B07163D6558003A7505 /* Tomato-Info.plist */,
				3F7B7B08163D6558003A7505 /* InfoPlist.strings */,
				3F7B7B0B163D6558003A7505 /* main.m */,
				3F7B7B0D163D6558003A7505 /* Tomato-Prefix.pch */,
				3F7B7B11163D6558003A7505 /* Default.png */,
				3F7B7B13163D6558003A7505 /* Default@2x.png */,
				3F7B7B15163D6558003A7505 /* Default-568h@2x.png */,
			);
			name = "Supporting Files";
			sourceTree = "<group>";
		};
		3F8B5B3C1690236700D7B184 /* PublishModule */ = {
			isa = PBXGroup;
			children = (
				3F8B5B611691B41100D7B184 /* PublishTableViewController.h */,
				3F8B5B621691B41100D7B184 /* PublishTableViewController.m */,
				3F8B5B741691DE6200D7B184 /* PublishHeaderViewController.h */,
				3F8B5B751691DE6200D7B184 /* PublishHeaderViewController.m */,
				3F8B5B781691E49B00D7B184 /* FoodDetailView.h */,
				3F8B5B791691E49B00D7B184 /* FoodDetailView.m */,
				3F8B5B7B1692952800D7B184 /* RestaurantTableViewController.h */,
				3F8B5B7C1692952800D7B184 /* RestaurantTableViewController.m */,
			);
			name = PublishModule;
			sourceTree = "<group>";
		};
		3F8B5B4916903D1A00D7B184 /* FilterModule */ = {
			isa = PBXGroup;
			children = (
				3F8B5B4A16903D4A00D7B184 /* FilterTableViewController.h */,
				3F8B5B4B16903D4A00D7B184 /* FilterTableViewController.m */,
				3FAB16BD1692ED3600B95574 /* RestaurantFilterTableViewController.h */,
				3FAB16BE1692ED3600B95574 /* RestaurantFilterTableViewController.m */,
			);
			name = FilterModule;
			sourceTree = "<group>";
		};
		3FF0B06E16450DD00021ABE3 /* Classes */ = {
			isa = PBXGroup;
			children = (
				3F556541168EE351000E3D9A /* CoreData */,
				3F2F8C821689DEDE00D2A668 /* NetworkLayer */,
				3F2F8C7D1689C9E400D2A668 /* ManagedObjects */,
				3F2F8C7C1689C9AB00D2A668 /* AchievementsModule */,
				3F2F8C7B1689C97000D2A668 /* CartModule */,
				3F2F8C791689C93300D2A668 /* TomatoMainModule */,
				3F2F8C7A1689C95F00D2A668 /* FavoritesModule */,
				3F8B5B4916903D1A00D7B184 /* FilterModule */,
				3F8B5B3C1690236700D7B184 /* PublishModule */,
			);
			name = Classes;
			sourceTree = "<group>";
		};
		3FF0B07016450DDB0021ABE3 /* InitialData */ = {
			isa = PBXGroup;
			children = (
				3F0560B216665134005D3170 /* TomatoTest.plist */,
				3FF0B078164536E70021ABE3 /* initialData.plist */,
			);
			name = InitialData;
			sourceTree = "<group>";
		};
/* End PBXGroup section */

/* Begin PBXNativeTarget section */
		3F7B7AFA163D6558003A7505 /* Tomato */ = {
			isa = PBXNativeTarget;
			buildConfigurationList = 3F7B7B1F163D6558003A7505 /* Build configuration list for PBXNativeTarget "Tomato" */;
			buildPhases = (
				3F7B7AF7163D6558003A7505 /* Sources */,
				3F7B7AF8163D6558003A7505 /* Frameworks */,
				3F7B7AF9163D6558003A7505 /* Resources */,
			);
			buildRules = (
			);
			dependencies = (
			);
			name = Tomato;
			productName = Tomato;
			productReference = 3F7B7AFB163D6558003A7505 /* Tomato.app */;
			productType = "com.apple.product-type.application";
		};
/* End PBXNativeTarget section */

/* Begin PBXProject section */
		3F7B7AF2163D6558003A7505 /* Project object */ = {
			isa = PBXProject;
			attributes = {
				CLASSPREFIX = Tomato;
				LastUpgradeCheck = 0450;
				ORGANIZATIONNAME = "Cui Hao";
			};
			buildConfigurationList = 3F7B7AF5163D6558003A7505 /* Build configuration list for PBXProject "Tomato" */;
			compatibilityVersion = "Xcode 3.2";
			developmentRegion = English;
			hasScannedForEncodings = 0;
			knownRegions = (
				en,
			);
			mainGroup = 3F7B7AF0163D6558003A7505;
			productRefGroup = 3F7B7AFC163D6558003A7505 /* Products */;
			projectDirPath = "";
			projectRoot = "";
			targets = (
				3F7B7AFA163D6558003A7505 /* Tomato */,
			);
		};
/* End PBXProject section */

/* Begin PBXResourcesBuildPhase section */
		3F7B7AF9163D6558003A7505 /* Resources */ = {
			isa = PBXResourcesBuildPhase;
			buildActionMask = 2147483647;
			files = (
				3F7B7B0A163D6558003A7505 /* InfoPlist.strings in Resources */,
				3F7B7B12163D6558003A7505 /* Default.png in Resources */,
				3F7B7B14163D6558003A7505 /* Default@2x.png in Resources */,
				3F7B7B16163D6558003A7505 /* Default-568h@2x.png in Resources */,
				3F7B7B19163D6558003A7505 /* MainStoryboard.storyboard in Resources */,
				3FF0B079164536E70021ABE3 /* initialData.plist in Resources */,
				3F0560B316665134005D3170 /* TomatoTest.plist in Resources */,
				3F8B5B3B16901E1A00D7B184 /* foodImage.png in Resources */,
				7382DC6D1691C99500B5097B /* StarEmpty.png in Resources */,
				7382DC6E1691C99500B5097B /* StarEmpty@2x.png in Resources */,
				7382DC6F1691C99500B5097B /* StarEmptyLarge.png in Resources */,
				7382DC701691C99500B5097B /* StarEmptyLarge@2x.png in Resources */,
				7382DC711691C99500B5097B /* StarFull.png in Resources */,
				7382DC721691C99500B5097B /* StarFull@2x.png in Resources */,
				7382DC731691C99500B5097B /* StarFullLarge.png in Resources */,
				7382DC741691C99500B5097B /* StarFullLarge@2x.png in Resources */,
				739FC4B11693F80A007FBA97 /* grayArrow.png in Resources */,
				739FC4B21693F80A007FBA97 /* grayArrow@2x.png in Resources */,
				739FC4B31693F80A007FBA97 /* blackArrow.png in Resources */,
				739FC4B41693F80A007FBA97 /* blackArrow@2x.png in Resources */,
				739FC4B51693F80A007FBA97 /* blueArrow.png in Resources */,
				739FC4B61693F80A007FBA97 /* blueArrow@2x.png in Resources */,
				739FC4B71693F80A007FBA97 /* whiteArrow.png in Resources */,
				739FC4B81693F80A007FBA97 /* whiteArrow@2x.png in Resources */,
				3FAB16D31694418D00B95574 /* foodImageNoneBackground.png in Resources */,
				73E38D92169581B00000D4A6 /* headerView.png in Resources */,
				73E38D96169583AD0000D4A6 /* cellUnclickedBackground.png in Resources */,
				73E38D981695847F0000D4A6 /* cellClickedBackground.png in Resources */,
				73E38DA2169596420000D4A6 /* brightSign.png in Resources */,
				73E38DA3169596420000D4A6 /* hotSign.png in Resources */,
				73E38DA5169596420000D4A6 /* strangeSign.png in Resources */,
				73E38DAA169597750000D4A6 /* takeoutSign.png in Resources */,
				73E38DAC1695A12E0000D4A6 /* sweetSign.png in Resources */,
				73E38DAE1695A53B0000D4A6 /* junkfoodSign.png in Resources */,
			);
			runOnlyForDeploymentPostprocessing = 0;
		};
/* End PBXResourcesBuildPhase section */

/* Begin PBXSourcesBuildPhase section */
		3F7B7AF7163D6558003A7505 /* Sources */ = {
			isa = PBXSourcesBuildPhase;
			buildActionMask = 2147483647;
			files = (
				3F7B7B0C163D6558003A7505 /* main.m in Sources */,
				3F7B7B10163D6558003A7505 /* TomatoAppDelegate.m in Sources */,
				3FF0B07316450E3B0021ABE3 /* TomatoDataStore.xcdatamodeld in Sources */,
				57A0541F16566004007C4CB3 /* TomatoTableViewController.m in Sources */,
				57A05424165660C1007C4CB3 /* FavoritesTableViewController.m in Sources */,
				57A0542916566117007C4CB3 /* AchievementTableViewController.m in Sources */,
				3FC49520168993E300F0A9B5 /* FoodTomatoTableViewCell.m in Sources */,
				3F2F8C771689BDEB00D2A668 /* TomatoDetailViewController.m in Sources */,
				3F2F8C851689DF6800D2A668 /* NetworkInterface.m in Sources */,
				3F3EE6CA168B49B700D011C3 /* Tag+Init.m in Sources */,
				3F3EE6CD168C0DC900D011C3 /* Achievement+Init.m in Sources */,
				3F556546168EE3E6000E3D9A /* CoreDataTableViewController.m in Sources */,
				3F556549168EF111000E3D9A /* CoreDataViewController.m in Sources */,
				3F5565F4168F1721000E3D9A /* Restaurant.m in Sources */,
				3F5565FA168F1723000E3D9A /* Telephone.m in Sources */,
				3F5565FD168F1725000E3D9A /* Achievement.m in Sources */,
				3F556600168F1725000E3D9A /* Order.m in Sources */,
				3F556603168F1726000E3D9A /* Collection.m in Sources */,
				3F556606168F1727000E3D9A /* Record.m in Sources */,
				3F55660C168F17BF000E3D9A /* Collection+Food.m in Sources */,
				3F55660F168F1FFA000E3D9A /* FavoriteTableViewCell.m in Sources */,
				73DEDDBD168F2E0C00C1AA37 /* Cart.m in Sources */,
				73DEDDC1168F360200C1AA37 /* CartTableViewController.m in Sources */,
				73DEDDC4168F362100C1AA37 /* CartFooterView.m in Sources */,
				3F8B5B3316900F8F00D7B184 /* AchievementsTableViewCell.m in Sources */,
				3F8B5B371690195500D7B184 /* Food+Cart.m in Sources */,
				3F8B5B4C16903D4A00D7B184 /* FilterTableViewController.m in Sources */,
				3F8B5B5416917DFE00D7B184 /* Collection+Edit.m in Sources */,
				3F8B5B5F1691AADB00D7B184 /* Tag.m in Sources */,
				3F8B5B631691B41100D7B184 /* PublishTableViewController.m in Sources */,
				7382DC771691C9A800B5097B /* RateView.m in Sources */,
				3F8B5B761691DE6400D7B184 /* PublishHeaderViewController.m in Sources */,
				3F8B5B7A1691E49B00D7B184 /* FoodDetailView.m in Sources */,
				3F8B5B7D1692952900D7B184 /* RestaurantTableViewController.m in Sources */,
				3FAB16BF1692ED3600B95574 /* RestaurantFilterTableViewController.m in Sources */,
				3FAB16C316932F6300B95574 /* Food+Grade.m in Sources */,
				739FC4A81693F765007FBA97 /* EGORefreshTableHeaderView.m in Sources */,
				3FAB16CA1694118F00B95574 /* Food+Update.m in Sources */,
				3FAB16CE1694157D00B95574 /* Food+Init.m in Sources */,
				3FAB16D116941A7100B95574 /* Food.m in Sources */,
			);
			runOnlyForDeploymentPostprocessing = 0;
		};
/* End PBXSourcesBuildPhase section */

/* Begin PBXVariantGroup section */
		3F7B7B08163D6558003A7505 /* InfoPlist.strings */ = {
			isa = PBXVariantGroup;
			children = (
				3F7B7B09163D6558003A7505 /* en */,
			);
			name = InfoPlist.strings;
			sourceTree = "<group>";
		};
		3F7B7B17163D6558003A7505 /* MainStoryboard.storyboard */ = {
			isa = PBXVariantGroup;
			children = (
				3F7B7B18163D6558003A7505 /* en */,
			);
			name = MainStoryboard.storyboard;
			sourceTree = "<group>";
		};
/* End PBXVariantGroup section */

/* Begin XCBuildConfiguration section */
		3F7B7B1D163D6558003A7505 /* Debug */ = {
			isa = XCBuildConfiguration;
			buildSettings = {
				ALWAYS_SEARCH_USER_PATHS = NO;
				CLANG_CXX_LANGUAGE_STANDARD = "gnu++0x";
				CLANG_CXX_LIBRARY = "libc++";
				CLANG_ENABLE_OBJC_ARC = YES;
				CLANG_WARN_EMPTY_BODY = YES;
				CLANG_WARN__DUPLICATE_METHOD_MATCH = YES;
				"CODE_SIGN_IDENTITY[sdk=iphoneos*]" = "iPhone Developer";
				COPY_PHASE_STRIP = NO;
				GCC_C_LANGUAGE_STANDARD = gnu99;
				GCC_DYNAMIC_NO_PIC = NO;
				GCC_OPTIMIZATION_LEVEL = 0;
				GCC_PREPROCESSOR_DEFINITIONS = (
					"DEBUG=1",
					"$(inherited)",
				);
				GCC_SYMBOLS_PRIVATE_EXTERN = NO;
				GCC_WARN_ABOUT_RETURN_TYPE = YES;
				GCC_WARN_UNINITIALIZED_AUTOS = YES;
				GCC_WARN_UNUSED_VARIABLE = YES;
				IPHONEOS_DEPLOYMENT_TARGET = 6.0;
				ONLY_ACTIVE_ARCH = YES;
				SDKROOT = iphoneos;
			};
			name = Debug;
		};
		3F7B7B1E163D6558003A7505 /* Release */ = {
			isa = XCBuildConfiguration;
			buildSettings = {
				ALWAYS_SEARCH_USER_PATHS = NO;
				CLANG_CXX_LANGUAGE_STANDARD = "gnu++0x";
				CLANG_CXX_LIBRARY = "libc++";
				CLANG_ENABLE_OBJC_ARC = YES;
				CLANG_WARN_EMPTY_BODY = YES;
				CLANG_WARN__DUPLICATE_METHOD_MATCH = YES;
				"CODE_SIGN_IDENTITY[sdk=iphoneos*]" = "iPhone Developer";
				COPY_PHASE_STRIP = YES;
				GCC_C_LANGUAGE_STANDARD = gnu99;
				GCC_WARN_ABOUT_RETURN_TYPE = YES;
				GCC_WARN_UNINITIALIZED_AUTOS = YES;
				GCC_WARN_UNUSED_VARIABLE = YES;
				IPHONEOS_DEPLOYMENT_TARGET = 6.0;
				OTHER_CFLAGS = "-DNS_BLOCK_ASSERTIONS=1";
				SDKROOT = iphoneos;
				VALIDATE_PRODUCT = YES;
			};
			name = Release;
		};
		3F7B7B20163D6558003A7505 /* Debug */ = {
			isa = XCBuildConfiguration;
			buildSettings = {
				GCC_PRECOMPILE_PREFIX_HEADER = YES;
				GCC_PREFIX_HEADER = "Tomato/Tomato-Prefix.pch";
				INFOPLIST_FILE = "Tomato/Tomato-Info.plist";
				IPHONEOS_DEPLOYMENT_TARGET = 6.0;
				PRODUCT_NAME = "$(TARGET_NAME)";
				WRAPPER_EXTENSION = app;
			};
			name = Debug;
		};
		3F7B7B21163D6558003A7505 /* Release */ = {
			isa = XCBuildConfiguration;
			buildSettings = {
				GCC_PRECOMPILE_PREFIX_HEADER = YES;
				GCC_PREFIX_HEADER = "Tomato/Tomato-Prefix.pch";
				INFOPLIST_FILE = "Tomato/Tomato-Info.plist";
				IPHONEOS_DEPLOYMENT_TARGET = 6.0;
				PRODUCT_NAME = "$(TARGET_NAME)";
				WRAPPER_EXTENSION = app;
			};
			name = Release;
		};
/* End XCBuildConfiguration section */

/* Begin XCConfigurationList section */
		3F7B7AF5163D6558003A7505 /* Build configuration list for PBXProject "Tomato" */ = {
			isa = XCConfigurationList;
			buildConfigurations = (
				3F7B7B1D163D6558003A7505 /* Debug */,
				3F7B7B1E163D6558003A7505 /* Release */,
			);
			defaultConfigurationIsVisible = 0;
			defaultConfigurationName = Release;
		};
		3F7B7B1F163D6558003A7505 /* Build configuration list for PBXNativeTarget "Tomato" */ = {
			isa = XCConfigurationList;
			buildConfigurations = (
				3F7B7B20163D6558003A7505 /* Debug */,
				3F7B7B21163D6558003A7505 /* Release */,
			);
			defaultConfigurationIsVisible = 0;
			defaultConfigurationName = Release;
		};
/* End XCConfigurationList section */

/* Begin XCVersionGroup section */
		3FF0B07116450E3B0021ABE3 /* TomatoDataStore.xcdatamodeld */ = {
			isa = XCVersionGroup;
			children = (
				3FF0B07216450E3B0021ABE3 /* TomatoDataStore.xcdatamodel */,
			);
			currentVersion = 3FF0B07216450E3B0021ABE3 /* TomatoDataStore.xcdatamodel */;
			path = TomatoDataStore.xcdatamodeld;
			sourceTree = "<group>";
			versionGroupType = wrapper.xcdatamodel;
		};
/* End XCVersionGroup section */
	};
	rootObject = 3F7B7AF2163D6558003A7505 /* Project object */;
}
